// !$*UTF8*$!
{
	archiveVersion = 1;
	classes = {
	};
	objectVersion = 46;
	objects = {

/* Begin PBXBuildFile section */
		461845F51F341B62007E22FC /* RestaurantTableViewCell.swift in Sources */ = {isa = PBXBuildFile; fileRef = 461845F41F341B62007E22FC /* RestaurantTableViewCell.swift */; };
		463E09091F32DCF800D5E152 /* AppDelegate.swift in Sources */ = {isa = PBXBuildFile; fileRef = 463E09081F32DCF800D5E152 /* AppDelegate.swift */; };
		463E090E1F32DCF800D5E152 /* Main.storyboard in Resources */ = {isa = PBXBuildFile; fileRef = 463E090C1F32DCF800D5E152 /* Main.storyboard */; };
		463E09101F32DCF800D5E152 /* Assets.xcassets in Resources */ = {isa = PBXBuildFile; fileRef = 463E090F1F32DCF800D5E152 /* Assets.xcassets */; };
		463E09131F32DCF800D5E152 /* LaunchScreen.storyboard in Resources */ = {isa = PBXBuildFile; fileRef = 463E09111F32DCF800D5E152 /* LaunchScreen.storyboard */; };
		463E091B1F32E0F400D5E152 /* RestaurantTableViewController.swift in Sources */ = {isa = PBXBuildFile; fileRef = 463E091A1F32E0F400D5E152 /* RestaurantTableViewController.swift */; };
		467562A71F6691DC00A77FEF /* AddRestaurantTableViewController.swift in Sources */ = {isa = PBXBuildFile; fileRef = 467562A61F6691DC00A77FEF /* AddRestaurantTableViewController.swift */; };
		46C24C5A1F650EE5008AFEE2 /* MapKit.framework in Frameworks */ = {isa = PBXBuildFile; fileRef = 46C24C591F650EE5008AFEE2 /* MapKit.framework */; };
		46C24C5C1F657E35008AFEE2 /* MapViewController.swift in Sources */ = {isa = PBXBuildFile; fileRef = 46C24C5B1F657E35008AFEE2 /* MapViewController.swift */; };
		46C97F591F54FF2000DA5A82 /* Restaurant.swift in Sources */ = {isa = PBXBuildFile; fileRef = 46C97F581F54FF2000DA5A82 /* Restaurant.swift */; };
		46C97F5B1F554D3B00DA5A82 /* RestaurantDetailViewCellTableViewCell.swift in Sources */ = {isa = PBXBuildFile; fileRef = 46C97F5A1F554D3B00DA5A82 /* RestaurantDetailViewCellTableViewCell.swift */; };
		46C97F5D1F554DCD00DA5A82 /* RestaurantDetailTableViewController.swift in Sources */ = {isa = PBXBuildFile; fileRef = 46C97F5C1F554DCD00DA5A82 /* RestaurantDetailTableViewController.swift */; };
		46DF17E21F690FD000A39ACF /* FoodPin.xcdatamodeld in Sources */ = {isa = PBXBuildFile; fileRef = 46DF17E01F690FD000A39ACF /* FoodPin.xcdatamodeld */; };
		46FAAC191F62954D00A81854 /* ReviewViewController.swift in Sources */ = {isa = PBXBuildFile; fileRef = 46FAAC181F62954D00A81854 /* ReviewViewController.swift */; };
/* End PBXBuildFile section */

/* Begin PBXFileReference section */
		461845F41F341B62007E22FC /* RestaurantTableViewCell.swift */ = {isa = PBXFileReference; fileEncoding = 4; lastKnownFileType = sourcecode.swift; path = RestaurantTableViewCell.swift; sourceTree = "<group>"; };
		463E09051F32DCF800D5E152 /* FoodPin.app */ = {isa = PBXFileReference; explicitFileType = wrapper.application; includeInIndex = 0; path = FoodPin.app; sourceTree = BUILT_PRODUCTS_DIR; };
		463E09081F32DCF800D5E152 /* AppDelegate.swift */ = {isa = PBXFileReference; lastKnownFileType = sourcecode.swift; path = AppDelegate.swift; sourceTree = "<group>"; };
		463E090D1F32DCF800D5E152 /* Base */ = {isa = PBXFileReference; lastKnownFileType = file.storyboard; name = Base; path = Base.lproj/Main.storyboard; sourceTree = "<group>"; };
		463E090F1F32DCF800D5E152 /* Assets.xcassets */ = {isa = PBXFileReference; lastKnownFileType = folder.assetcatalog; path = Assets.xcassets; sourceTree = "<group>"; };
		463E09121F32DCF800D5E152 /* Base */ = {isa = PBXFileReference; lastKnownFileType = file.storyboard; name = Base; path = Base.lproj/LaunchScreen.storyboard; sourceTree = "<group>"; };
		463E09141F32DCF800D5E152 /* Info.plist */ = {isa = PBXFileReference; lastKnownFileType = text.plist.xml; path = Info.plist; sourceTree = "<group>"; };
		463E091A1F32E0F400D5E152 /* RestaurantTableViewController.swift */ = {isa = PBXFileReference; fileEncoding = 4; lastKnownFileType = sourcecode.swift; path = RestaurantTableViewController.swift; sourceTree = "<group>"; };
		467562A61F6691DC00A77FEF /* AddRestaurantTableViewController.swift */ = {isa = PBXFileReference; fileEncoding = 4; lastKnownFileType = sourcecode.swift; path = AddRestaurantTableViewController.swift; sourceTree = "<group>"; };
		46C24C591F650EE5008AFEE2 /* MapKit.framework */ = {isa = PBXFileReference; lastKnownFileType = wrapper.framework; name = MapKit.framework; path = System/Library/Frameworks/MapKit.framework; sourceTree = SDKROOT; };
		46C24C5B1F657E35008AFEE2 /* MapViewController.swift */ = {isa = PBXFileReference; fileEncoding = 4; lastKnownFileType = sourcecode.swift; path = MapViewController.swift; sourceTree = "<group>"; };
		46C97F581F54FF2000DA5A82 /* Restaurant.swift */ = {isa = PBXFileReference; fileEncoding = 4; lastKnownFileType = sourcecode.swift; name = Restaurant.swift; path = ../Restaurant.swift; sourceTree = "<group>"; };
		46C97F5A1F554D3B00DA5A82 /* RestaurantDetailViewCellTableViewCell.swift */ = {isa = PBXFileReference; fileEncoding = 4; lastKnownFileType = sourcecode.swift; path = RestaurantDetailViewCellTableViewCell.swift; sourceTree = "<group>"; };
		46C97F5C1F554DCD00DA5A82 /* RestaurantDetailTableViewController.swift */ = {isa = PBXFileReference; fileEncoding = 4; lastKnownFileType = sourcecode.swift; path = RestaurantDetailTableViewController.swift; sourceTree = "<group>"; };
		46DF17E11F690FD000A39ACF /* FoodPin.xcdatamodel */ = {isa = PBXFileReference; lastKnownFileType = wrapper.xcdatamodel; path = FoodPin.xcdatamodel; sourceTree = "<group>"; };
		46FAAC181F62954D00A81854 /* ReviewViewController.swift */ = {isa = PBXFileReference; fileEncoding = 4; lastKnownFileType = sourcecode.swift; path = ReviewViewController.swift; sourceTree = "<group>"; };
/* End PBXFileReference section */

/* Begin PBXFrameworksBuildPhase section */
		463E09021F32DCF800D5E152 /* Frameworks */ = {
			isa = PBXFrameworksBuildPhase;
			buildActionMask = 2147483647;
			files = (
				46C24C5A1F650EE5008AFEE2 /* MapKit.framework in Frameworks */,
			);
			runOnlyForDeploymentPostprocessing = 0;
		};
/* End PBXFrameworksBuildPhase section */

/* Begin PBXGroup section */
		463E08FC1F32DCF800D5E152 = {
			isa = PBXGroup;
			children = (
				463E09071F32DCF800D5E152 /* FoodPin */,
				463E09061F32DCF800D5E152 /* Products */,
				46C24C581F650EE5008AFEE2 /* Frameworks */,
			);
			sourceTree = "<group>";
		};
		463E09061F32DCF800D5E152 /* Products */ = {
			isa = PBXGroup;
			children = (
				463E09051F32DCF800D5E152 /* FoodPin.app */,
			);
			name = Products;
			sourceTree = "<group>";
		};
		463E09071F32DCF800D5E152 /* FoodPin */ = {
			isa = PBXGroup;
			children = (
				46C97F581F54FF2000DA5A82 /* Restaurant.swift */,
				463E09081F32DCF800D5E152 /* AppDelegate.swift */,
				463E090C1F32DCF800D5E152 /* Main.storyboard */,
				463E090F1F32DCF800D5E152 /* Assets.xcassets */,
				463E09111F32DCF800D5E152 /* LaunchScreen.storyboard */,
				463E09141F32DCF800D5E152 /* Info.plist */,
				463E091A1F32E0F400D5E152 /* RestaurantTableViewController.swift */,
				461845F41F341B62007E22FC /* RestaurantTableViewCell.swift */,
				46C97F5A1F554D3B00DA5A82 /* RestaurantDetailViewCellTableViewCell.swift */,
				46C97F5C1F554DCD00DA5A82 /* RestaurantDetailTableViewController.swift */,
				46FAAC181F62954D00A81854 /* ReviewViewController.swift */,
				46C24C5B1F657E35008AFEE2 /* MapViewController.swift */,
				467562A61F6691DC00A77FEF /* AddRestaurantTableViewController.swift */,
				46DF17E01F690FD000A39ACF /* FoodPin.xcdatamodeld */,
			);
			path = FoodPin;
			sourceTree = "<group>";
		};
		46C24C581F650EE5008AFEE2 /* Frameworks */ = {
			isa = PBXGroup;
			children = (
				46C24C591F650EE5008AFEE2 /* MapKit.framework */,
			);
			name = Frameworks;
			sourceTree = "<group>";
		};
/* End PBXGroup section */

/* Begin PBXNativeTarget section */
		463E09041F32DCF800D5E152 /* FoodPin */ = {
			isa = PBXNativeTarget;
			buildConfigurationList = 463E09171F32DCF800D5E152 /* Build configuration list for PBXNativeTarget "FoodPin" */;
			buildPhases = (
				463E09011F32DCF800D5E152 /* Sources */,
				463E09021F32DCF800D5E152 /* Frameworks */,
				463E09031F32DCF800D5E152 /* Resources */,
			);
			buildRules = (
			);
			dependencies = (
			);
			name = FoodPin;
			productName = FoodPin;
			productReference = 463E09051F32DCF800D5E152 /* FoodPin.app */;
			productType = "com.apple.product-type.application";
		};
/* End PBXNativeTarget section */

/* Begin PBXProject section */
		463E08FD1F32DCF800D5E152 /* Project object */ = {
			isa = PBXProject;
			attributes = {
				LastSwiftUpdateCheck = 0810;
				LastUpgradeCheck = 0810;
				ORGANIZATIONNAME = Ikhsan;
				TargetAttributes = {
					463E09041F32DCF800D5E152 = {
						CreatedOnToolsVersion = 8.1;
						DevelopmentTeam = 4PGL8ZFAU4;
						ProvisioningStyle = Automatic;
						SystemCapabilities = {
							com.apple.Maps.iOS = {
								enabled = 1;
							};
						};
					};
				};
			};
			buildConfigurationList = 463E09001F32DCF800D5E152 /* Build configuration list for PBXProject "FoodPin" */;
			compatibilityVersion = "Xcode 3.2";
			developmentRegion = English;
			hasScannedForEncodings = 0;
			knownRegions = (
				en,
				Base,
			);
			mainGroup = 463E08FC1F32DCF800D5E152;
			productRefGroup = 463E09061F32DCF800D5E152 /* Products */;
			projectDirPath = "";
			projectRoot = "";
			targets = (
				463E09041F32DCF800D5E152 /* FoodPin */,
			);
		};
/* End PBXProject section */

/* Begin PBXResourcesBuildPhase section */
		463E09031F32DCF800D5E152 /* Resources */ = {
			isa = PBXResourcesBuildPhase;
			buildActionMask = 2147483647;
			files = (
				463E09131F32DCF800D5E152 /* LaunchScreen.storyboard in Resources */,
				463E09101F32DCF800D5E152 /* Assets.xcassets in Resources */,
				463E090E1F32DCF800D5E152 /* Main.storyboard in Resources */,
			);
			runOnlyForDeploymentPostprocessing = 0;
		};
/* End PBXResourcesBuildPhase section */

/* Begin PBXSourcesBuildPhase section */
		463E09011F32DCF800D5E152 /* Sources */ = {
			isa = PBXSourcesBuildPhase;
			buildActionMask = 2147483647;
			files = (
				46C97F591F54FF2000DA5A82 /* Restaurant.swift in Sources */,
				467562A71F6691DC00A77FEF /* AddRestaurantTableViewController.swift in Sources */,
				463E091B1F32E0F400D5E152 /* RestaurantTableViewController.swift in Sources */,
				46FAAC191F62954D00A81854 /* ReviewViewController.swift in Sources */,
				46C97F5D1F554DCD00DA5A82 /* RestaurantDetailTableViewController.swift in Sources */,
				46DF17E21F690FD000A39ACF /* FoodPin.xcdatamodeld in Sources */,
				46C97F5B1F554D3B00DA5A82 /* RestaurantDetailViewCellTableViewCell.swift in Sources */,
				461845F51F341B62007E22FC /* RestaurantTableViewCell.swift in Sources */,
				463E09091F32DCF800D5E152 /* AppDelegate.swift in Sources */,
				46C24C5C1F657E35008AFEE2 /* MapViewController.swift in Sources */,
			);
			runOnlyForDeploymentPostprocessing = 0;
		};
/* End PBXSourcesBuildPhase section */

/* Begin PBXVariantGroup section */
		463E090C1F32DCF800D5E152 /* Main.storyboard */ = {
			isa = PBXVariantGroup;
			children = (
				463E090D1F32DCF800D5E152 /* Base */,
			);
			name = Main.storyboard;
			sourceTree = "<group>";
		};
		463E09111F32DCF800D5E152 /* LaunchScreen.storyboard */ = {
			isa = PBXVariantGroup;
			children = (
				463E09121F32DCF800D5E152 /* Base */,
			);
			name = LaunchScreen.storyboard;
			sourceTree = "<group>";
		};
/* End PBXVariantGroup section */

/* Begin XCBuildConfiguration section */
		463E09151F32DCF800D5E152 /* Debug */ = {
			isa = XCBuildConfiguration;
			buildSettings = {
				ALWAYS_SEARCH_USER_PATHS = NO;
				CLANG_ANALYZER_NONNULL = YES;
				CLANG_CXX_LANGUAGE_STANDARD = "gnu++0x";
				CLANG_CXX_LIBRARY = "libc++";
				CLANG_ENABLE_MODULES = YES;
				CLANG_ENABLE_OBJC_ARC = YES;
				CLANG_WARN_BOOL_CONVERSION = YES;
				CLANG_WARN_CONSTANT_CONVERSION = YES;
				CLANG_WARN_DIRECT_OBJC_ISA_USAGE = YES_ERROR;
				CLANG_WARN_DOCUMENTATION_COMMENTS = YES;
				CLANG_WARN_EMPTY_BODY = YES;
				CLANG_WARN_ENUM_CONVERSION = YES;
				CLANG_WARN_INFINITE_RECURSION = YES;
				CLANG_WARN_INT_CONVERSION = YES;
				CLANG_WARN_OBJC_ROOT_CLASS = YES_ERROR;
				CLANG_WARN_SUSPICIOUS_MOVES = YES;
				CLANG_WARN_UNREACHABLE_CODE = YES;
				CLANG_WARN__DUPLICATE_METHOD_MATCH = YES;
				"CODE_SIGN_IDENTITY[sdk=iphoneos*]" = "iPhone Developer";
				COPY_PHASE_STRIP = NO;
				DEBUG_INFORMATION_FORMAT = dwarf;
				ENABLE_STRICT_OBJC_MSGSEND = YES;
				ENABLE_TESTABILITY = YES;
				GCC_C_LANGUAGE_STANDARD = gnu99;
				GCC_DYNAMIC_NO_PIC = NO;
				GCC_NO_COMMON_BLOCKS = YES;
				GCC_OPTIMIZATION_LEVEL = 0;
				GCC_PREPROCESSOR_DEFINITIONS = (
					"DEBUG=1",
					"$(inherited)",
				);
				GCC_WARN_64_TO_32_BIT_CONVERSION = YES;
				GCC_WARN_ABOUT_RETURN_TYPE = YES_ERROR;
				GCC_WARN_UNDECLARED_SELECTOR = YES;
				GCC_WARN_UNINITIALIZED_AUTOS = YES_AGGRESSIVE;
				GCC_WARN_UNUSED_FUNCTION = YES;
				GCC_WARN_UNUSED_VARIABLE = YES;
				IPHONEOS_DEPLOYMENT_TARGET = 10.1;
				MTL_ENABLE_DEBUG_INFO = YES;
				ONLY_ACTIVE_ARCH = YES;
				SDKROOT = iphoneos;
				SWIFT_ACTIVE_COMPILATION_CONDITIONS = DEBUG;
				SWIFT_OPTIMIZATION_LEVEL = "-Onone";
			};
			name = Debug;
		};
		463E09161F32DCF800D5E152 /* Release */ = {
			isa = XCBuildConfiguration;
			buildSettings = {
				ALWAYS_SEARCH_USER_PATHS = NO;
				CLANG_ANALYZER_NONNULL = YES;
				CLANG_CXX_LANGUAGE_STANDARD = "gnu++0x";
				CLANG_CXX_LIBRARY = "libc++";
				CLANG_ENABLE_MODULES = YES;
				CLANG_ENABLE_OBJC_ARC = YES;
				CLANG_WARN_BOOL_CONVERSION = YES;
				CLANG_WARN_CONSTANT_CONVERSION = YES;
				CLANG_WARN_DIRECT_OBJC_ISA_USAGE = YES_ERROR;
				CLANG_WARN_DOCUMENTATION_COMMENTS = YES;
				CLANG_WARN_EMPTY_BODY = YES;
				CLANG_WARN_ENUM_CONVERSION = YES;
				CLANG_WARN_INFINITE_RECURSION = YES;
				CLANG_WARN_INT_CONVERSION = YES;
				CLANG_WARN_OBJC_ROOT_CLASS = YES_ERROR;
				CLANG_WARN_SUSPICIOUS_MOVES = YES;
				CLANG_WARN_UNREACHABLE_CODE = YES;
				CLANG_WARN__DUPLICATE_METHOD_MATCH = YES;
				"CODE_SIGN_IDENTITY[sdk=iphoneos*]" = "iPhone Developer";
				COPY_PHASE_STRIP = NO;
				DEBUG_INFORMATION_FORMAT = "dwarf-with-dsym";
				ENABLE_NS_ASSERTIONS = NO;
				ENABLE_STRICT_OBJC_MSGSEND = YES;
				GCC_C_LANGUAGE_STANDARD = gnu99;
				GCC_NO_COMMON_BLOCKS = YES;
				GCC_WARN_64_TO_32_BIT_CONVERSION = YES;
				GCC_WARN_ABOUT_RETURN_TYPE = YES_ERROR;
				GCC_WARN_UNDECLARED_SELECTOR = YES;
				GCC_WARN_UNINITIALIZED_AUTOS = YES_AGGRESSIVE;
				GCC_WARN_UNUSED_FUNCTION = YES;
				GCC_WARN_UNUSED_VARIABLE = YES;
				IPHONEOS_DEPLOYMENT_TARGET = 10.1;
				MTL_ENABLE_DEBUG_INFO = NO;
				SDKROOT = iphoneos;
				SWIFT_OPTIMIZATION_LEVEL = "-Owholemodule";
				VALIDATE_PRODUCT = YES;
			};
			name = Release;
		};
		463E09181F32DCF800D5E152 /* Debug */ = {
			isa = XCBuildConfiguration;
			buildSettings = {
				ASSETCATALOG_COMPILER_APPICON_NAME = AppIcon;
				DEVELOPMENT_TEAM = 4PGL8ZFAU4;
				INFOPLIST_FILE = FoodPin/Info.plist;
				LD_RUNPATH_SEARCH_PATHS = "$(inherited) @executable_path/Frameworks";
				PRODUCT_BUNDLE_IDENTIFIER = com.ixsanlabs.FoodPin;
				PRODUCT_NAME = "$(TARGET_NAME)";
				SWIFT_VERSION = 3.0;
				TARGETED_DEVICE_FAMILY = 1;
			};
			name = Debug;
		};
		463E09191F32DCF800D5E152 /* Release */ = {
			isa = XCBuildConfiguration;
			buildSettings = {
				ASSETCATALOG_COMPILER_APPICON_NAME = AppIcon;
				DEVELOPMENT_TEAM = 4PGL8ZFAU4;
				INFOPLIST_FILE = FoodPin/Info.plist;
				LD_RUNPATH_SEARCH_PATHS = "$(inherited) @executable_path/Frameworks";
				PRODUCT_BUNDLE_IDENTIFIER = com.ixsanlabs.FoodPin;
				PRODUCT_NAME = "$(TARGET_NAME)";
				SWIFT_VERSION = 3.0;
				TARGETED_DEVICE_FAMILY = 1;
			};
			name = Release;
		};
/* End XCBuildConfiguration section */

/* Begin XCConfigurationList section */
		463E09001F32DCF800D5E152 /* Build configuration list for PBXProject "FoodPin" */ = {
			isa = XCConfigurationList;
			buildConfigurations = (
				463E09151F32DCF800D5E152 /* Debug */,
				463E09161F32DCF800D5E152 /* Release */,
			);
			defaultConfigurationIsVisible = 0;
			defaultConfigurationName = Release;
		};
		463E09171F32DCF800D5E152 /* Build configuration list for PBXNativeTarget "FoodPin" */ = {
			isa = XCConfigurationList;
			buildConfigurations = (
				463E09181F32DCF800D5E152 /* Debug */,
				463E09191F32DCF800D5E152 /* Release */,
			);
			defaultConfigurationIsVisible = 0;
			defaultConfigurationName = Release;
		};
/* End XCConfigurationList section */

/* Begin XCVersionGroup section */
		46DF17E01F690FD000A39ACF /* FoodPin.xcdatamodeld */ = {
			isa = XCVersionGroup;
			children = (
				46DF17E11F690FD000A39ACF /* FoodPin.xcdatamodel */,
			);
			currentVersion = 46DF17E11F690FD000A39ACF /* FoodPin.xcdatamodel */;
			path = FoodPin.xcdatamodeld;
			sourceTree = "<group>";
			versionGroupType = wrapper.xcdatamodel;
		};
/* End XCVersionGroup section */
	};
	rootObject = 463E08FD1F32DCF800D5E152 /* Project object */;
}
